
Microsoft Visual Studio Solution File, Format Version 12.00
# Visual Studio Version 17
VisualStudioVersion = 17.12.35707.178
MinimumVisualStudioVersion = 10.0.40219.1
Project("{FAE04EC0-301F-11D3-BF4B-00C04F79EFBC}") = "GestorGastosAPI", "GestorGastosAPI\GestorGastosAPI.csproj", "{1A107A2E-50A6-48B0-8467-7B5E34B1268C}"
EndProject
Global
	GlobalSection(SolutionConfigurationPlatforms) = preSolution
		Debug|Any CPU = Debug|Any CPU
		Release|Any CPU = Release|Any CPU
	EndGlobalSection
	GlobalSection(ProjectConfigurationPlatforms) = postSolution
		{1A107A2E-50A6-48B0-8467-7B5E34B1268C}.Debug|Any CPU.ActiveCfg = Debug|Any CPU
		{1A107A2E-50A6-48B0-8467-7B5E34B1268C}.Debug|Any CPU.Build.0 = Debug|Any CPU
		{1A107A2E-50A6-48B0-8467-7B5E34B1268C}.Release|Any CPU.ActiveCfg = Release|Any CPU
		{1A107A2E-50A6-48B0-8467-7B5E34B1268C}.Release|Any CPU.Build.0 = Release|Any CPU
	EndGlobalSection
	GlobalSection(SolutionProperties) = preSolution
		HideSolutionNode = FALSE
	EndGlobalSection
	GlobalSection(ExtensibilityGlobals) = postSolution
		SolutionGuid = {8B582927-2DB4-4791-84FD-7DD5D5374612}
	EndGlobalSection
EndGlobal
